
Microsoft Visual Studio Solution File, Format Version 12.00
# Visual Studio 15
VisualStudioVersion = 15.0.26124.0
MinimumVisualStudioVersion = 15.0.26124.0
Project("{2150E333-8FDC-42A3-9474-1A3956D46DE8}") = "src", "src", "{83F8CD2B-DA86-44E4-B8B9-7615EB593F38}"
EndProject
Project("{FAE04EC0-301F-11D3-BF4B-00C04F79EFBC}") = "SolarTally.Domain", "src\SolarTally.Domain\SolarTally.Domain.csproj", "{37583059-2931-42E4-BF6E-3D71C9CF53EE}"
EndProject
Project("{FAE04EC0-301F-11D3-BF4B-00C04F79EFBC}") = "SolarTally.Infrastructure", "src\SolarTally.Infrastructure\SolarTally.Infrastructure.csproj", "{F0882A12-65B0-49BA-ACA0-3FCFB4C066BC}"
EndProject
Project("{2150E333-8FDC-42A3-9474-1A3956D46DE8}") = "tests", "tests", "{C6A75E56-E8F3-4FEA-868A-2CD0AC77745A}"
EndProject
Project("{FAE04EC0-301F-11D3-BF4B-00C04F79EFBC}") = "SolarTally.UnitTests", "tests\SolarTally.UnitTests\SolarTally.UnitTests.csproj", "{1F0F848F-680C-409E-8B8C-FB0D3AA388D8}"
EndProject
Global
	GlobalSection(SolutionConfigurationPlatforms) = preSolution
		Debug|Any CPU = Debug|Any CPU
		Debug|x64 = Debug|x64
		Debug|x86 = Debug|x86
		Release|Any CPU = Release|Any CPU
		Release|x64 = Release|x64
		Release|x86 = Release|x86
	EndGlobalSection
	GlobalSection(SolutionProperties) = preSolution
		HideSolutionNode = FALSE
	EndGlobalSection
	GlobalSection(ProjectConfigurationPlatforms) = postSolution
		{37583059-2931-42E4-BF6E-3D71C9CF53EE}.Debug|Any CPU.ActiveCfg = Debug|Any CPU
		{37583059-2931-42E4-BF6E-3D71C9CF53EE}.Debug|Any CPU.Build.0 = Debug|Any CPU
		{37583059-2931-42E4-BF6E-3D71C9CF53EE}.Debug|x64.ActiveCfg = Debug|Any CPU
		{37583059-2931-42E4-BF6E-3D71C9CF53EE}.Debug|x64.Build.0 = Debug|Any CPU
		{37583059-2931-42E4-BF6E-3D71C9CF53EE}.Debug|x86.ActiveCfg = Debug|Any CPU
		{37583059-2931-42E4-BF6E-3D71C9CF53EE}.Debug|x86.Build.0 = Debug|Any CPU
		{37583059-2931-42E4-BF6E-3D71C9CF53EE}.Release|Any CPU.ActiveCfg = Release|Any CPU
		{37583059-2931-42E4-BF6E-3D71C9CF53EE}.Release|Any CPU.Build.0 = Release|Any CPU
		{37583059-2931-42E4-BF6E-3D71C9CF53EE}.Release|x64.ActiveCfg = Release|Any CPU
		{37583059-2931-42E4-BF6E-3D71C9CF53EE}.Release|x64.Build.0 = Release|Any CPU
		{37583059-2931-42E4-BF6E-3D71C9CF53EE}.Release|x86.ActiveCfg = Release|Any CPU
		{37583059-2931-42E4-BF6E-3D71C9CF53EE}.Release|x86.Build.0 = Release|Any CPU
		{F0882A12-65B0-49BA-ACA0-3FCFB4C066BC}.Debug|Any CPU.ActiveCfg = Debug|Any CPU
		{F0882A12-65B0-49BA-ACA0-3FCFB4C066BC}.Debug|Any CPU.Build.0 = Debug|Any CPU
		{F0882A12-65B0-49BA-ACA0-3FCFB4C066BC}.Debug|x64.ActiveCfg = Debug|Any CPU
		{F0882A12-65B0-49BA-ACA0-3FCFB4C066BC}.Debug|x64.Build.0 = Debug|Any CPU
		{F0882A12-65B0-49BA-ACA0-3FCFB4C066BC}.Debug|x86.ActiveCfg = Debug|Any CPU
		{F0882A12-65B0-49BA-ACA0-3FCFB4C066BC}.Debug|x86.Build.0 = Debug|Any CPU
		{F0882A12-65B0-49BA-ACA0-3FCFB4C066BC}.Release|Any CPU.ActiveCfg = Release|Any CPU
		{F0882A12-65B0-49BA-ACA0-3FCFB4C066BC}.Release|Any CPU.Build.0 = Release|Any CPU
		{F0882A12-65B0-49BA-ACA0-3FCFB4C066BC}.Release|x64.ActiveCfg = Release|Any CPU
		{F0882A12-65B0-49BA-ACA0-3FCFB4C066BC}.Release|x64.Build.0 = Release|Any CPU
		{F0882A12-65B0-49BA-ACA0-3FCFB4C066BC}.Release|x86.ActiveCfg = Release|Any CPU
		{F0882A12-65B0-49BA-ACA0-3FCFB4C066BC}.Release|x86.Build.0 = Release|Any CPU
		{1F0F848F-680C-409E-8B8C-FB0D3AA388D8}.Debug|Any CPU.ActiveCfg = Debug|Any CPU
		{1F0F848F-680C-409E-8B8C-FB0D3AA388D8}.Debug|Any CPU.Build.0 = Debug|Any CPU
		{1F0F848F-680C-409E-8B8C-FB0D3AA388D8}.Debug|x64.ActiveCfg = Debug|Any CPU
		{1F0F848F-680C-409E-8B8C-FB0D3AA388D8}.Debug|x64.Build.0 = Debug|Any CPU
		{1F0F848F-680C-409E-8B8C-FB0D3AA388D8}.Debug|x86.ActiveCfg = Debug|Any CPU
		{1F0F848F-680C-409E-8B8C-FB0D3AA388D8}.Debug|x86.Build.0 = Debug|Any CPU
		{1F0F848F-680C-409E-8B8C-FB0D3AA388D8}.Release|Any CPU.ActiveCfg = Release|Any CPU
		{1F0F848F-680C-409E-8B8C-FB0D3AA388D8}.Release|Any CPU.Build.0 = Release|Any CPU
		{1F0F848F-680C-409E-8B8C-FB0D3AA388D8}.Release|x64.ActiveCfg = Release|Any CPU
		{1F0F848F-680C-409E-8B8C-FB0D3AA388D8}.Release|x64.Build.0 = Release|Any CPU
		{1F0F848F-680C-409E-8B8C-FB0D3AA388D8}.Release|x86.ActiveCfg = Release|Any CPU
		{1F0F848F-680C-409E-8B8C-FB0D3AA388D8}.Release|x86.Build.0 = Release|Any CPU
	EndGlobalSection
	GlobalSection(NestedProjects) = preSolution
		{37583059-2931-42E4-BF6E-3D71C9CF53EE} = {83F8CD2B-DA86-44E4-B8B9-7615EB593F38}
		{F0882A12-65B0-49BA-ACA0-3FCFB4C066BC} = {83F8CD2B-DA86-44E4-B8B9-7615EB593F38}
		{1F0F848F-680C-409E-8B8C-FB0D3AA388D8} = {C6A75E56-E8F3-4FEA-868A-2CD0AC77745A}
	EndGlobalSection
EndGlobal
